// !$*UTF8*$!
{
	archiveVersion = 1;
	classes = {
	};
	objectVersion = 56;
	objects = {

/* Begin PBXBuildFile section */
		E23F8F672A2BF52F00274581 /* Reminder.swift in Sources */ = {isa = PBXBuildFile; fileRef = E23F8F662A2BF52F00274581 /* Reminder.swift */; };
		E23F8F692A2C161D00274581 /* EditReminderDetailsView.swift in Sources */ = {isa = PBXBuildFile; fileRef = E23F8F682A2C161D00274581 /* EditReminderDetailsView.swift */; };
		E23F8F722A2C335500274581 /* RemindersListViewModel.swift in Sources */ = {isa = PBXBuildFile; fileRef = E23F8F712A2C335500274581 /* RemindersListViewModel.swift */; };
		E23F8F742A2C3A0800274581 /* RemindersListRowView.swift in Sources */ = {isa = PBXBuildFile; fileRef = E23F8F732A2C3A0800274581 /* RemindersListRowView.swift */; };
		E23F8F792A2C3E3100274581 /* ReminderToggleStyle.swift in Sources */ = {isa = PBXBuildFile; fileRef = E23F8F782A2C3E3100274581 /* ReminderToggleStyle.swift */; };
		E23F8F7E2A2C494E00274581 /* FirebaseAnalytics in Frameworks */ = {isa = PBXBuildFile; productRef = E23F8F7D2A2C494E00274581 /* FirebaseAnalytics */; };
		E23F8F802A2C494E00274581 /* FirebaseAnalyticsSwift in Frameworks */ = {isa = PBXBuildFile; productRef = E23F8F7F2A2C494E00274581 /* FirebaseAnalyticsSwift */; };
		E23F8F822A2C494E00274581 /* FirebaseAuth in Frameworks */ = {isa = PBXBuildFile; productRef = E23F8F812A2C494E00274581 /* FirebaseAuth */; };
		E23F8F842A2C494E00274581 /* FirebaseFirestore in Frameworks */ = {isa = PBXBuildFile; productRef = E23F8F832A2C494E00274581 /* FirebaseFirestore */; };
		E23F8F862A2C494E00274581 /* FirebaseFirestoreSwift in Frameworks */ = {isa = PBXBuildFile; productRef = E23F8F852A2C494E00274581 /* FirebaseFirestoreSwift */; };
		E23F8F882A2C56D300274581 /* GoogleService-Info.plist in Resources */ = {isa = PBXBuildFile; fileRef = E23F8F872A2C56D300274581 /* GoogleService-Info.plist */; };
		E23F8F8B2A2CE40200274581 /* RemindersRepository.swift in Sources */ = {isa = PBXBuildFile; fileRef = E23F8F8A2A2CE40200274581 /* RemindersRepository.swift */; };
		E23F8F8E2A2D302300274581 /* Factory in Frameworks */ = {isa = PBXBuildFile; productRef = E23F8F8D2A2D302300274581 /* Factory */; };
		E23F8F912A2D31EF00274581 /* Firebase+Injection.swift in Sources */ = {isa = PBXBuildFile; fileRef = E23F8F902A2D31EF00274581 /* Firebase+Injection.swift */; };
		E23F8F932A2D347B00274581 /* Repositories+Injection.swift in Sources */ = {isa = PBXBuildFile; fileRef = E23F8F922A2D347B00274581 /* Repositories+Injection.swift */; };
		E23F8FB12A2D3C8B00274581 /* UserProfileViewModel.swift in Sources */ = {isa = PBXBuildFile; fileRef = E23F8FA32A2D3C8B00274581 /* UserProfileViewModel.swift */; };
		E23F8FB22A2D3C8B00274581 /* AuthenticationViewModel.swift in Sources */ = {isa = PBXBuildFile; fileRef = E23F8FA42A2D3C8B00274581 /* AuthenticationViewModel.swift */; };
		E23F8FB32A2D3C8B00274581 /* GoogleSignInButton.swift in Sources */ = {isa = PBXBuildFile; fileRef = E23F8FA62A2D3C8B00274581 /* GoogleSignInButton.swift */; };
		E23F8FB42A2D3C8B00274581 /* LoginView.swift in Sources */ = {isa = PBXBuildFile; fileRef = E23F8FA72A2D3C8B00274581 /* LoginView.swift */; };
		E23F8FB52A2D3C8B00274581 /* UserProfileView.swift in Sources */ = {isa = PBXBuildFile; fileRef = E23F8FA82A2D3C8B00274581 /* UserProfileView.swift */; };
		E23F8FB62A2D3C8B00274581 /* AuthenticationView.swift in Sources */ = {isa = PBXBuildFile; fileRef = E23F8FA92A2D3C8B00274581 /* AuthenticationView.swift */; };
		E23F8FB72A2D3C8B00274581 /* SignupView.swift in Sources */ = {isa = PBXBuildFile; fileRef = E23F8FAA2A2D3C8B00274581 /* SignupView.swift */; };
		E23F8FB82A2D3C8B00274581 /* SettingsViewModel.swift in Sources */ = {isa = PBXBuildFile; fileRef = E23F8FAE2A2D3C8B00274581 /* SettingsViewModel.swift */; };
		E23F8FB92A2D3C8B00274581 /* SettingsView.swift in Sources */ = {isa = PBXBuildFile; fileRef = E23F8FB02A2D3C8B00274581 /* SettingsView.swift */; };
		E23F8FBB2A2D40FA00274581 /* AuthenticationService.swift in Sources */ = {isa = PBXBuildFile; fileRef = E23F8FBA2A2D40FA00274581 /* AuthenticationService.swift */; };
		E23F8FBD2A2D47B600274581 /* AuthenticationService+Injection.swift in Sources */ = {isa = PBXBuildFile; fileRef = E23F8FBC2A2D47B600274581 /* AuthenticationService+Injection.swift */; };
		E27C8C882A2BF47900B0DA98 /* CheckedApp.swift in Sources */ = {isa = PBXBuildFile; fileRef = E27C8C872A2BF47900B0DA98 /* CheckedApp.swift */; };
		E27C8C8A2A2BF47900B0DA98 /* RemindersListView.swift in Sources */ = {isa = PBXBuildFile; fileRef = E27C8C892A2BF47900B0DA98 /* RemindersListView.swift */; };
		E27C8C8C2A2BF47A00B0DA98 /* Assets.xcassets in Resources */ = {isa = PBXBuildFile; fileRef = E27C8C8B2A2BF47A00B0DA98 /* Assets.xcassets */; };
		E27C8C8F2A2BF47A00B0DA98 /* Preview Assets.xcassets in Resources */ = {isa = PBXBuildFile; fileRef = E27C8C8E2A2BF47A00B0DA98 /* Preview Assets.xcassets */; };
/* End PBXBuildFile section */

/* Begin PBXFileReference section */
		E23F8F662A2BF52F00274581 /* Reminder.swift */ = {isa = PBXFileReference; lastKnownFileType = sourcecode.swift; path = Reminder.swift; sourceTree = "<group>"; };
		E23F8F682A2C161D00274581 /* EditReminderDetailsView.swift */ = {isa = PBXFileReference; lastKnownFileType = sourcecode.swift; path = EditReminderDetailsView.swift; sourceTree = "<group>"; };
		E23F8F712A2C335500274581 /* RemindersListViewModel.swift */ = {isa = PBXFileReference; lastKnownFileType = sourcecode.swift; path = RemindersListViewModel.swift; sourceTree = "<group>"; };
		E23F8F732A2C3A0800274581 /* RemindersListRowView.swift */ = {isa = PBXFileReference; lastKnownFileType = sourcecode.swift; path = RemindersListRowView.swift; sourceTree = "<group>"; };
		E23F8F782A2C3E3100274581 /* ReminderToggleStyle.swift */ = {isa = PBXFileReference; lastKnownFileType = sourcecode.swift; path = ReminderToggleStyle.swift; sourceTree = "<group>"; };
		E23F8F872A2C56D300274581 /* GoogleService-Info.plist */ = {isa = PBXFileReference; fileEncoding = 4; lastKnownFileType = text.plist.xml; path = "GoogleService-Info.plist"; sourceTree = "<group>"; };
		E23F8F8A2A2CE40200274581 /* RemindersRepository.swift */ = {isa = PBXFileReference; lastKnownFileType = sourcecode.swift; path = RemindersRepository.swift; sourceTree = "<group>"; };
		E23F8F902A2D31EF00274581 /* Firebase+Injection.swift */ = {isa = PBXFileReference; lastKnownFileType = sourcecode.swift; path = "Firebase+Injection.swift"; sourceTree = "<group>"; };
		E23F8F922A2D347B00274581 /* Repositories+Injection.swift */ = {isa = PBXFileReference; lastKnownFileType = sourcecode.swift; path = "Repositories+Injection.swift"; sourceTree = "<group>"; };
		E23F8FA32A2D3C8B00274581 /* UserProfileViewModel.swift */ = {isa = PBXFileReference; fileEncoding = 4; lastKnownFileType = sourcecode.swift; path = UserProfileViewModel.swift; sourceTree = "<group>"; };
		E23F8FA42A2D3C8B00274581 /* AuthenticationViewModel.swift */ = {isa = PBXFileReference; fileEncoding = 4; lastKnownFileType = sourcecode.swift; path = AuthenticationViewModel.swift; sourceTree = "<group>"; };
		E23F8FA62A2D3C8B00274581 /* GoogleSignInButton.swift */ = {isa = PBXFileReference; fileEncoding = 4; lastKnownFileType = sourcecode.swift; path = GoogleSignInButton.swift; sourceTree = "<group>"; };
		E23F8FA72A2D3C8B00274581 /* LoginView.swift */ = {isa = PBXFileReference; fileEncoding = 4; lastKnownFileType = sourcecode.swift; path = LoginView.swift; sourceTree = "<group>"; };
		E23F8FA82A2D3C8B00274581 /* UserProfileView.swift */ = {isa = PBXFileReference; fileEncoding = 4; lastKnownFileType = sourcecode.swift; path = UserProfileView.swift; sourceTree = "<group>"; };
		E23F8FA92A2D3C8B00274581 /* AuthenticationView.swift */ = {isa = PBXFileReference; fileEncoding = 4; lastKnownFileType = sourcecode.swift; path = AuthenticationView.swift; sourceTree = "<group>"; };
		E23F8FAA2A2D3C8B00274581 /* SignupView.swift */ = {isa = PBXFileReference; fileEncoding = 4; lastKnownFileType = sourcecode.swift; path = SignupView.swift; sourceTree = "<group>"; };
		E23F8FAE2A2D3C8B00274581 /* SettingsViewModel.swift */ = {isa = PBXFileReference; fileEncoding = 4; lastKnownFileType = sourcecode.swift; path = SettingsViewModel.swift; sourceTree = "<group>"; };
		E23F8FB02A2D3C8B00274581 /* SettingsView.swift */ = {isa = PBXFileReference; fileEncoding = 4; lastKnownFileType = sourcecode.swift; path = SettingsView.swift; sourceTree = "<group>"; };
		E23F8FBA2A2D40FA00274581 /* AuthenticationService.swift */ = {isa = PBXFileReference; lastKnownFileType = sourcecode.swift; path = AuthenticationService.swift; sourceTree = "<group>"; };
		E23F8FBC2A2D47B600274581 /* AuthenticationService+Injection.swift */ = {isa = PBXFileReference; lastKnownFileType = sourcecode.swift; path = "AuthenticationService+Injection.swift"; sourceTree = "<group>"; };
		E27C8C842A2BF47900B0DA98 /* Checked.app */ = {isa = PBXFileReference; explicitFileType = wrapper.application; includeInIndex = 0; path = Checked.app; sourceTree = BUILT_PRODUCTS_DIR; };
		E27C8C872A2BF47900B0DA98 /* CheckedApp.swift */ = {isa = PBXFileReference; lastKnownFileType = sourcecode.swift; path = CheckedApp.swift; sourceTree = "<group>"; };
		E27C8C892A2BF47900B0DA98 /* RemindersListView.swift */ = {isa = PBXFileReference; lastKnownFileType = sourcecode.swift; path = RemindersListView.swift; sourceTree = "<group>"; };
		E27C8C8B2A2BF47A00B0DA98 /* Assets.xcassets */ = {isa = PBXFileReference; lastKnownFileType = folder.assetcatalog; path = Assets.xcassets; sourceTree = "<group>"; };
		E27C8C8E2A2BF47A00B0DA98 /* Preview Assets.xcassets */ = {isa = PBXFileReference; lastKnownFileType = folder.assetcatalog; path = "Preview Assets.xcassets"; sourceTree = "<group>"; };
		E2BE77B32A2D891700F8E828 /* Checked.entitlements */ = {isa = PBXFileReference; lastKnownFileType = text.plist.entitlements; name = Checked.entitlements; path = Checked/Checked.entitlements; sourceTree = "<group>"; };
/* End PBXFileReference section */

/* Begin PBXFrameworksBuildPhase section */
		E27C8C812A2BF47900B0DA98 /* Frameworks */ = {
			isa = PBXFrameworksBuildPhase;
			buildActionMask = 2147483647;
			files = (
				E23F8F862A2C494E00274581 /* FirebaseFirestoreSwift in Frameworks */,
				E23F8F802A2C494E00274581 /* FirebaseAnalyticsSwift in Frameworks */,
				E23F8F842A2C494E00274581 /* FirebaseFirestore in Frameworks */,
				E23F8F8E2A2D302300274581 /* Factory in Frameworks */,
				E23F8F822A2C494E00274581 /* FirebaseAuth in Frameworks */,
				E23F8F7E2A2C494E00274581 /* FirebaseAnalytics in Frameworks */,
			);
			runOnlyForDeploymentPostprocessing = 0;
		};
/* End PBXFrameworksBuildPhase section */

/* Begin PBXGroup section */
		E23F8F6A2A2C249200274581 /* Features */ = {
			isa = PBXGroup;
			children = (
				E23F8FA12A2D3C8B00274581 /* Authentication */,
				E23F8FAC2A2D3C8B00274581 /* Settings */,
				E23F8F952A2D39A100274581 /* Firebase */,
				E23F8F6D2A2C251E00274581 /* Reminders */,
			);
			path = Features;
			sourceTree = "<group>";
		};
		E23F8F6D2A2C251E00274581 /* Reminders */ = {
			isa = PBXGroup;
			children = (
				E23F8F892A2CE3DE00274581 /* Repositories */,
				E23F8F752A2C3D5800274581 /* Styles */,
				E23F8F702A2C253800274581 /* ViewModels */,
				E23F8F6F2A2C252C00274581 /* Views */,
				E23F8F6E2A2C252500274581 /* Models */,
			);
			path = Reminders;
			sourceTree = "<group>";
		};
		E23F8F6E2A2C252500274581 /* Models */ = {
			isa = PBXGroup;
			children = (
				E23F8F662A2BF52F00274581 /* Reminder.swift */,
			);
			path = Models;
			sourceTree = "<group>";
		};
		E23F8F6F2A2C252C00274581 /* Views */ = {
			isa = PBXGroup;
			children = (
				E27C8C892A2BF47900B0DA98 /* RemindersListView.swift */,
				E23F8F682A2C161D00274581 /* EditReminderDetailsView.swift */,
				E23F8F732A2C3A0800274581 /* RemindersListRowView.swift */,
			);
			path = Views;
			sourceTree = "<group>";
		};
		E23F8F702A2C253800274581 /* ViewModels */ = {
			isa = PBXGroup;
			children = (
				E23F8F712A2C335500274581 /* RemindersListViewModel.swift */,
			);
			path = ViewModels;
			sourceTree = "<group>";
		};
		E23F8F752A2C3D5800274581 /* Styles */ = {
			isa = PBXGroup;
			children = (
				E23F8F782A2C3E3100274581 /* ReminderToggleStyle.swift */,
			);
			path = Styles;
			sourceTree = "<group>";
		};
		E23F8F892A2CE3DE00274581 /* Repositories */ = {
			isa = PBXGroup;
			children = (
				E23F8F922A2D347B00274581 /* Repositories+Injection.swift */,
				E23F8F8A2A2CE40200274581 /* RemindersRepository.swift */,
			);
			path = Repositories;
			sourceTree = "<group>";
		};
		E23F8F8F2A2D31AD00274581 /* Services */ = {
			isa = PBXGroup;
			children = (
				E23F8F902A2D31EF00274581 /* Firebase+Injection.swift */,
			);
			path = Services;
			sourceTree = "<group>";
		};
		E23F8F952A2D39A100274581 /* Firebase */ = {
			isa = PBXGroup;
			children = (
				E23F8F8F2A2D31AD00274581 /* Services */,
			);
			path = Firebase;
			sourceTree = "<group>";
		};
		E23F8FA12A2D3C8B00274581 /* Authentication */ = {
			isa = PBXGroup;
			children = (
				E23F8FA22A2D3C8B00274581 /* ViewModels */,
				E23F8FA52A2D3C8B00274581 /* Views */,
				E23F8FAB2A2D3C8B00274581 /* Services */,
			);
			path = Authentication;
			sourceTree = "<group>";
		};
		E23F8FA22A2D3C8B00274581 /* ViewModels */ = {
			isa = PBXGroup;
			children = (
				E23F8FA32A2D3C8B00274581 /* UserProfileViewModel.swift */,
				E23F8FA42A2D3C8B00274581 /* AuthenticationViewModel.swift */,
			);
			path = ViewModels;
			sourceTree = "<group>";
		};
		E23F8FA52A2D3C8B00274581 /* Views */ = {
			isa = PBXGroup;
			children = (
				E23F8FA62A2D3C8B00274581 /* GoogleSignInButton.swift */,
				E23F8FA72A2D3C8B00274581 /* LoginView.swift */,
				E23F8FA82A2D3C8B00274581 /* UserProfileView.swift */,
				E23F8FA92A2D3C8B00274581 /* AuthenticationView.swift */,
				E23F8FAA2A2D3C8B00274581 /* SignupView.swift */,
			);
			path = Views;
			sourceTree = "<group>";
		};
		E23F8FAB2A2D3C8B00274581 /* Services */ = {
			isa = PBXGroup;
			children = (
				E23F8FBA2A2D40FA00274581 /* AuthenticationService.swift */,
				E23F8FBC2A2D47B600274581 /* AuthenticationService+Injection.swift */,
			);
			path = Services;
			sourceTree = "<group>";
		};
		E23F8FAC2A2D3C8B00274581 /* Settings */ = {
			isa = PBXGroup;
			children = (
				E23F8FAD2A2D3C8B00274581 /* ViewModels */,
				E23F8FAF2A2D3C8B00274581 /* Views */,
			);
			path = Settings;
			sourceTree = "<group>";
		};
		E23F8FAD2A2D3C8B00274581 /* ViewModels */ = {
			isa = PBXGroup;
			children = (
				E23F8FAE2A2D3C8B00274581 /* SettingsViewModel.swift */,
			);
			path = ViewModels;
			sourceTree = "<group>";
		};
		E23F8FAF2A2D3C8B00274581 /* Views */ = {
			isa = PBXGroup;
			children = (
				E23F8FB02A2D3C8B00274581 /* SettingsView.swift */,
			);
			path = Views;
			sourceTree = "<group>";
		};
		E27C8C7B2A2BF47900B0DA98 = {
			isa = PBXGroup;
			children = (
				E2BE77B32A2D891700F8E828 /* Checked.entitlements */,
				E27C8C862A2BF47900B0DA98 /* checked */,
				E27C8C852A2BF47900B0DA98 /* Products */,
			);
			sourceTree = "<group>";
		};
		E27C8C852A2BF47900B0DA98 /* Products */ = {
			isa = PBXGroup;
			children = (
				E27C8C842A2BF47900B0DA98 /* Checked.app */,
			);
			name = Products;
			sourceTree = "<group>";
		};
		E27C8C862A2BF47900B0DA98 /* checked */ = {
			isa = PBXGroup;
			children = (
				E23F8F872A2C56D300274581 /* GoogleService-Info.plist */,
				E23F8F6A2A2C249200274581 /* Features */,
				E27C8C872A2BF47900B0DA98 /* CheckedApp.swift */,
				E27C8C8B2A2BF47A00B0DA98 /* Assets.xcassets */,
				E27C8C8D2A2BF47A00B0DA98 /* Preview Content */,
			);
			path = checked;
			sourceTree = "<group>";
		};
		E27C8C8D2A2BF47A00B0DA98 /* Preview Content */ = {
			isa = PBXGroup;
			children = (
				E27C8C8E2A2BF47A00B0DA98 /* Preview Assets.xcassets */,
			);
			path = "Preview Content";
			sourceTree = "<group>";
		};
/* End PBXGroup section */

/* Begin PBXNativeTarget section */
		E27C8C832A2BF47900B0DA98 /* Checked */ = {
			isa = PBXNativeTarget;
			buildConfigurationList = E27C8C922A2BF47A00B0DA98 /* Build configuration list for PBXNativeTarget "Checked" */;
			buildPhases = (
				E27C8C802A2BF47900B0DA98 /* Sources */,
				E27C8C812A2BF47900B0DA98 /* Frameworks */,
				E27C8C822A2BF47900B0DA98 /* Resources */,
			);
			buildRules = (
			);
			dependencies = (
			);
			name = Checked;
			packageProductDependencies = (
				E23F8F7D2A2C494E00274581 /* FirebaseAnalytics */,
				E23F8F7F2A2C494E00274581 /* FirebaseAnalyticsSwift */,
				E23F8F812A2C494E00274581 /* FirebaseAuth */,
				E23F8F832A2C494E00274581 /* FirebaseFirestore */,
				E23F8F852A2C494E00274581 /* FirebaseFirestoreSwift */,
				E23F8F8D2A2D302300274581 /* Factory */,
			);
			productName = checked;
			productReference = E27C8C842A2BF47900B0DA98 /* Checked.app */;
			productType = "com.apple.product-type.application";
		};
/* End PBXNativeTarget section */

/* Begin PBXProject section */
		E27C8C7C2A2BF47900B0DA98 /* Project object */ = {
			isa = PBXProject;
			attributes = {
				BuildIndependentTargetsInParallel = 1;
				LastSwiftUpdateCheck = 1430;
				LastUpgradeCheck = 1430;
				TargetAttributes = {
					E27C8C832A2BF47900B0DA98 = {
						CreatedOnToolsVersion = 14.3.1;
					};
				};
			};
			buildConfigurationList = E27C8C7F2A2BF47900B0DA98 /* Build configuration list for PBXProject "Checked" */;
			compatibilityVersion = "Xcode 14.0";
			developmentRegion = en;
			hasScannedForEncodings = 0;
			knownRegions = (
				en,
				Base,
			);
			mainGroup = E27C8C7B2A2BF47900B0DA98;
			packageReferences = (
				E23F8F7C2A2C494E00274581 /* XCRemoteSwiftPackageReference "firebase-ios-sdk" */,
				E23F8F8C2A2D302300274581 /* XCRemoteSwiftPackageReference "Factory" */,
			);
			productRefGroup = E27C8C852A2BF47900B0DA98 /* Products */;
			projectDirPath = "";
			projectRoot = "";
			targets = (
				E27C8C832A2BF47900B0DA98 /* Checked */,
			);
		};
/* End PBXProject section */

/* Begin PBXResourcesBuildPhase section */
		E27C8C822A2BF47900B0DA98 /* Resources */ = {
			isa = PBXResourcesBuildPhase;
			buildActionMask = 2147483647;
			files = (
				E27C8C8F2A2BF47A00B0DA98 /* Preview Assets.xcassets in Resources */,
				E27C8C8C2A2BF47A00B0DA98 /* Assets.xcassets in Resources */,
				E23F8F882A2C56D300274581 /* GoogleService-Info.plist in Resources */,
			);
			runOnlyForDeploymentPostprocessing = 0;
		};
/* End PBXResourcesBuildPhase section */

/* Begin PBXSourcesBuildPhase section */
		E27C8C802A2BF47900B0DA98 /* Sources */ = {
			isa = PBXSourcesBuildPhase;
			buildActionMask = 2147483647;
			files = (
				E23F8FB22A2D3C8B00274581 /* AuthenticationViewModel.swift in Sources */,
				E23F8F792A2C3E3100274581 /* ReminderToggleStyle.swift in Sources */,
				E23F8F912A2D31EF00274581 /* Firebase+Injection.swift in Sources */,
				E23F8F8B2A2CE40200274581 /* RemindersRepository.swift in Sources */,
				E23F8F722A2C335500274581 /* RemindersListViewModel.swift in Sources */,
				E23F8FB72A2D3C8B00274581 /* SignupView.swift in Sources */,
				E23F8F742A2C3A0800274581 /* RemindersListRowView.swift in Sources */,
				E23F8FB12A2D3C8B00274581 /* UserProfileViewModel.swift in Sources */,
				E23F8F932A2D347B00274581 /* Repositories+Injection.swift in Sources */,
				E23F8FB42A2D3C8B00274581 /* LoginView.swift in Sources */,
				E23F8F672A2BF52F00274581 /* Reminder.swift in Sources */,
				E23F8FB52A2D3C8B00274581 /* UserProfileView.swift in Sources */,
				E27C8C8A2A2BF47900B0DA98 /* RemindersListView.swift in Sources */,
				E23F8FB32A2D3C8B00274581 /* GoogleSignInButton.swift in Sources */,
				E23F8F692A2C161D00274581 /* EditReminderDetailsView.swift in Sources */,
				E23F8FB62A2D3C8B00274581 /* AuthenticationView.swift in Sources */,
				E27C8C882A2BF47900B0DA98 /* CheckedApp.swift in Sources */,
				E23F8FB82A2D3C8B00274581 /* SettingsViewModel.swift in Sources */,
				E23F8FB92A2D3C8B00274581 /* SettingsView.swift in Sources */,
				E23F8FBB2A2D40FA00274581 /* AuthenticationService.swift in Sources */,
				E23F8FBD2A2D47B600274581 /* AuthenticationService+Injection.swift in Sources */,
			);
			runOnlyForDeploymentPostprocessing = 0;
		};
/* End PBXSourcesBuildPhase section */

/* Begin XCBuildConfiguration section */
		E27C8C902A2BF47A00B0DA98 /* Debug */ = {
			isa = XCBuildConfiguration;
			buildSettings = {
				ALWAYS_SEARCH_USER_PATHS = NO;
				CLANG_ANALYZER_NONNULL = YES;
				CLANG_ANALYZER_NUMBER_OBJECT_CONVERSION = YES_AGGRESSIVE;
				CLANG_CXX_LANGUAGE_STANDARD = "gnu++20";
				CLANG_ENABLE_MODULES = YES;
				CLANG_ENABLE_OBJC_ARC = YES;
				CLANG_ENABLE_OBJC_WEAK = YES;
				CLANG_WARN_BLOCK_CAPTURE_AUTORELEASING = YES;
				CLANG_WARN_BOOL_CONVERSION = YES;
				CLANG_WARN_COMMA = YES;
				CLANG_WARN_CONSTANT_CONVERSION = YES;
				CLANG_WARN_DEPRECATED_OBJC_IMPLEMENTATIONS = YES;
				CLANG_WARN_DIRECT_OBJC_ISA_USAGE = YES_ERROR;
				CLANG_WARN_DOCUMENTATION_COMMENTS = YES;
				CLANG_WARN_EMPTY_BODY = YES;
				CLANG_WARN_ENUM_CONVERSION = YES;
				CLANG_WARN_INFINITE_RECURSION = YES;
				CLANG_WARN_INT_CONVERSION = YES;
				CLANG_WARN_NON_LITERAL_NULL_CONVERSION = YES;
				CLANG_WARN_OBJC_IMPLICIT_RETAIN_SELF = YES;
				CLANG_WARN_OBJC_LITERAL_CONVERSION = YES;
				CLANG_WARN_OBJC_ROOT_CLASS = YES_ERROR;
				CLANG_WARN_QUOTED_INCLUDE_IN_FRAMEWORK_HEADER = YES;
				CLANG_WARN_RANGE_LOOP_ANALYSIS = YES;
				CLANG_WARN_STRICT_PROTOTYPES = YES;
				CLANG_WARN_SUSPICIOUS_MOVE = YES;
				CLANG_WARN_UNGUARDED_AVAILABILITY = YES_AGGRESSIVE;
				CLANG_WARN_UNREACHABLE_CODE = YES;
				CLANG_WARN__DUPLICATE_METHOD_MATCH = YES;
				COPY_PHASE_STRIP = NO;
				DEBUG_INFORMATION_FORMAT = dwarf;
				ENABLE_STRICT_OBJC_MSGSEND = YES;
				ENABLE_TESTABILITY = YES;
				GCC_C_LANGUAGE_STANDARD = gnu11;
				GCC_DYNAMIC_NO_PIC = NO;
				GCC_NO_COMMON_BLOCKS = YES;
				GCC_OPTIMIZATION_LEVEL = 0;
				GCC_PREPROCESSOR_DEFINITIONS = (
					"DEBUG=1",
					"$(inherited)",
				);
				GCC_WARN_64_TO_32_BIT_CONVERSION = YES;
				GCC_WARN_ABOUT_RETURN_TYPE = YES_ERROR;
				GCC_WARN_UNDECLARED_SELECTOR = YES;
				GCC_WARN_UNINITIALIZED_AUTOS = YES_AGGRESSIVE;
				GCC_WARN_UNUSED_FUNCTION = YES;
				GCC_WARN_UNUSED_VARIABLE = YES;
				IPHONEOS_DEPLOYMENT_TARGET = 16.4;
				MTL_ENABLE_DEBUG_INFO = INCLUDE_SOURCE;
				MTL_FAST_MATH = YES;
				ONLY_ACTIVE_ARCH = YES;
				SDKROOT = iphoneos;
				SWIFT_ACTIVE_COMPILATION_CONDITIONS = DEBUG;
				SWIFT_OPTIMIZATION_LEVEL = "-Onone";
			};
			name = Debug;
		};
		E27C8C912A2BF47A00B0DA98 /* Release */ = {
			isa = XCBuildConfiguration;
			buildSettings = {
				ALWAYS_SEARCH_USER_PATHS = NO;
				CLANG_ANALYZER_NONNULL = YES;
				CLANG_ANALYZER_NUMBER_OBJECT_CONVERSION = YES_AGGRESSIVE;
				CLANG_CXX_LANGUAGE_STANDARD = "gnu++20";
				CLANG_ENABLE_MODULES = YES;
				CLANG_ENABLE_OBJC_ARC = YES;
				CLANG_ENABLE_OBJC_WEAK = YES;
				CLANG_WARN_BLOCK_CAPTURE_AUTORELEASING = YES;
				CLANG_WARN_BOOL_CONVERSION = YES;
				CLANG_WARN_COMMA = YES;
				CLANG_WARN_CONSTANT_CONVERSION = YES;
				CLANG_WARN_DEPRECATED_OBJC_IMPLEMENTATIONS = YES;
				CLANG_WARN_DIRECT_OBJC_ISA_USAGE = YES_ERROR;
				CLANG_WARN_DOCUMENTATION_COMMENTS = YES;
				CLANG_WARN_EMPTY_BODY = YES;
				CLANG_WARN_ENUM_CONVERSION = YES;
				CLANG_WARN_INFINITE_RECURSION = YES;
				CLANG_WARN_INT_CONVERSION = YES;
				CLANG_WARN_NON_LITERAL_NULL_CONVERSION = YES;
				CLANG_WARN_OBJC_IMPLICIT_RETAIN_SELF = YES;
				CLANG_WARN_OBJC_LITERAL_CONVERSION = YES;
				CLANG_WARN_OBJC_ROOT_CLASS = YES_ERROR;
				CLANG_WARN_QUOTED_INCLUDE_IN_FRAMEWORK_HEADER = YES;
				CLANG_WARN_RANGE_LOOP_ANALYSIS = YES;
				CLANG_WARN_STRICT_PROTOTYPES = YES;
				CLANG_WARN_SUSPICIOUS_MOVE = YES;
				CLANG_WARN_UNGUARDED_AVAILABILITY = YES_AGGRESSIVE;
				CLANG_WARN_UNREACHABLE_CODE = YES;
				CLANG_WARN__DUPLICATE_METHOD_MATCH = YES;
				COPY_PHASE_STRIP = NO;
				DEBUG_INFORMATION_FORMAT = "dwarf-with-dsym";
				ENABLE_NS_ASSERTIONS = NO;
				ENABLE_STRICT_OBJC_MSGSEND = YES;
				GCC_C_LANGUAGE_STANDARD = gnu11;
				GCC_NO_COMMON_BLOCKS = YES;
				GCC_WARN_64_TO_32_BIT_CONVERSION = YES;
				GCC_WARN_ABOUT_RETURN_TYPE = YES_ERROR;
				GCC_WARN_UNDECLARED_SELECTOR = YES;
				GCC_WARN_UNINITIALIZED_AUTOS = YES_AGGRESSIVE;
				GCC_WARN_UNUSED_FUNCTION = YES;
				GCC_WARN_UNUSED_VARIABLE = YES;
				IPHONEOS_DEPLOYMENT_TARGET = 16.4;
				MTL_ENABLE_DEBUG_INFO = NO;
				MTL_FAST_MATH = YES;
				SDKROOT = iphoneos;
				SWIFT_COMPILATION_MODE = wholemodule;
				SWIFT_OPTIMIZATION_LEVEL = "-O";
				VALIDATE_PRODUCT = YES;
			};
			name = Release;
		};
		E27C8C932A2BF47A00B0DA98 /* Debug */ = {
			isa = XCBuildConfiguration;
			buildSettings = {
				ASSETCATALOG_COMPILER_APPICON_NAME = AppIcon;
				ASSETCATALOG_COMPILER_GLOBAL_ACCENT_COLOR_NAME = AccentColor;
				CODE_SIGN_ENTITLEMENTS = Checked/Checked.entitlements;
				CODE_SIGN_STYLE = Automatic;
				CURRENT_PROJECT_VERSION = 1;
				DEVELOPMENT_ASSET_PATHS = "\"checked/Preview Content\"";
				DEVELOPMENT_TEAM = Q37WBU54YU;
				ENABLE_PREVIEWS = YES;
				GENERATE_INFOPLIST_FILE = YES;
				INFOPLIST_KEY_CFBundleDisplayName = Checked;
				INFOPLIST_KEY_LSApplicationCategoryType = "public.app-category.productivity";
				INFOPLIST_KEY_UIApplicationSceneManifest_Generation = YES;
				INFOPLIST_KEY_UIApplicationSupportsIndirectInputEvents = YES;
				INFOPLIST_KEY_UILaunchScreen_Generation = YES;
				INFOPLIST_KEY_UIRequiresFullScreen = NO;
				INFOPLIST_KEY_UISupportedInterfaceOrientations_iPad = "UIInterfaceOrientationPortrait UIInterfaceOrientationPortraitUpsideDown UIInterfaceOrientationLandscapeLeft UIInterfaceOrientationLandscapeRight";
				INFOPLIST_KEY_UISupportedInterfaceOrientations_iPhone = "UIInterfaceOrientationPortrait UIInterfaceOrientationLandscapeLeft UIInterfaceOrientationLandscapeRight";
				LD_RUNPATH_SEARCH_PATHS = (
					"$(inherited)",
					"@executable_path/Frameworks",
				);
				MARKETING_VERSION = 1.0;
				PRODUCT_BUNDLE_IDENTIFIER = com.ayodeji.checked;
				PRODUCT_NAME = "$(TARGET_NAME)";
				SUPPORTED_PLATFORMS = "iphoneos iphonesimulator";
				SUPPORTS_MACCATALYST = NO;
				SUPPORTS_MAC_DESIGNED_FOR_IPHONE_IPAD = YES;
				SWIFT_EMIT_LOC_STRINGS = YES;
				SWIFT_VERSION = 5.0;
				TARGETED_DEVICE_FAMILY = 1;
			};
			name = Debug;
		};
		E27C8C942A2BF47A00B0DA98 /* Release */ = {
			isa = XCBuildConfiguration;
			buildSettings = {
				ASSETCATALOG_COMPILER_APPICON_NAME = AppIcon;
				ASSETCATALOG_COMPILER_GLOBAL_ACCENT_COLOR_NAME = AccentColor;
				CODE_SIGN_ENTITLEMENTS = Checked/Checked.entitlements;
				CODE_SIGN_STYLE = Automatic;
				CURRENT_PROJECT_VERSION = 1;
				DEVELOPMENT_ASSET_PATHS = "\"checked/Preview Content\"";
				DEVELOPMENT_TEAM = Q37WBU54YU;
				ENABLE_PREVIEWS = YES;
				GENERATE_INFOPLIST_FILE = YES;
				INFOPLIST_KEY_CFBundleDisplayName = Checked;
				INFOPLIST_KEY_LSApplicationCategoryType = "public.app-category.productivity";
				INFOPLIST_KEY_UIApplicationSceneManifest_Generation = YES;
				INFOPLIST_KEY_UIApplicationSupportsIndirectInputEvents = YES;
				INFOPLIST_KEY_UILaunchScreen_Generation = YES;
				INFOPLIST_KEY_UIRequiresFullScreen = NO;
				INFOPLIST_KEY_UISupportedInterfaceOrientations_iPad = "UIInterfaceOrientationPortrait UIInterfaceOrientationPortraitUpsideDown UIInterfaceOrientationLandscapeLeft UIInterfaceOrientationLandscapeRight";
				INFOPLIST_KEY_UISupportedInterfaceOrientations_iPhone = "UIInterfaceOrientationPortrait UIInterfaceOrientationLandscapeLeft UIInterfaceOrientationLandscapeRight";
				LD_RUNPATH_SEARCH_PATHS = (
					"$(inherited)",
					"@executable_path/Frameworks",
				);
				MARKETING_VERSION = 1.0;
				PRODUCT_BUNDLE_IDENTIFIER = com.ayodeji.checked;
				PRODUCT_NAME = "$(TARGET_NAME)";
				SUPPORTED_PLATFORMS = "iphoneos iphonesimulator";
				SUPPORTS_MACCATALYST = NO;
				SUPPORTS_MAC_DESIGNED_FOR_IPHONE_IPAD = YES;
				SWIFT_EMIT_LOC_STRINGS = YES;
				SWIFT_VERSION = 5.0;
				TARGETED_DEVICE_FAMILY = 1;
			};
			name = Release;
		};
/* End XCBuildConfiguration section */

/* Begin XCConfigurationList section */
		E27C8C7F2A2BF47900B0DA98 /* Build configuration list for PBXProject "Checked" */ = {
			isa = XCConfigurationList;
			buildConfigurations = (
				E27C8C902A2BF47A00B0DA98 /* Debug */,
				E27C8C912A2BF47A00B0DA98 /* Release */,
			);
			defaultConfigurationIsVisible = 0;
			defaultConfigurationName = Release;
		};
		E27C8C922A2BF47A00B0DA98 /* Build configuration list for PBXNativeTarget "Checked" */ = {
			isa = XCConfigurationList;
			buildConfigurations = (
				E27C8C932A2BF47A00B0DA98 /* Debug */,
				E27C8C942A2BF47A00B0DA98 /* Release */,
			);
			defaultConfigurationIsVisible = 0;
			defaultConfigurationName = Release;
		};
/* End XCConfigurationList section */

/* Begin XCRemoteSwiftPackageReference section */
		E23F8F7C2A2C494E00274581 /* XCRemoteSwiftPackageReference "firebase-ios-sdk" */ = {
			isa = XCRemoteSwiftPackageReference;
			repositoryURL = "https://github.com/firebase/firebase-ios-sdk";
			requirement = {
				kind = upToNextMajorVersion;
				minimumVersion = 10.0.0;
			};
		};
		E23F8F8C2A2D302300274581 /* XCRemoteSwiftPackageReference "Factory" */ = {
			isa = XCRemoteSwiftPackageReference;
			repositoryURL = "https://github.com/hmlongco/Factory";
			requirement = {
				kind = upToNextMajorVersion;
				minimumVersion = 2.0.0;
			};
		};
/* End XCRemoteSwiftPackageReference section */

/* Begin XCSwiftPackageProductDependency section */
		E23F8F7D2A2C494E00274581 /* FirebaseAnalytics */ = {
			isa = XCSwiftPackageProductDependency;
			package = E23F8F7C2A2C494E00274581 /* XCRemoteSwiftPackageReference "firebase-ios-sdk" */;
			productName = FirebaseAnalytics;
		};
		E23F8F7F2A2C494E00274581 /* FirebaseAnalyticsSwift */ = {
			isa = XCSwiftPackageProductDependency;
			package = E23F8F7C2A2C494E00274581 /* XCRemoteSwiftPackageReference "firebase-ios-sdk" */;
			productName = FirebaseAnalyticsSwift;
		};
		E23F8F812A2C494E00274581 /* FirebaseAuth */ = {
			isa = XCSwiftPackageProductDependency;
			package = E23F8F7C2A2C494E00274581 /* XCRemoteSwiftPackageReference "firebase-ios-sdk" */;
			productName = FirebaseAuth;
		};
		E23F8F832A2C494E00274581 /* FirebaseFirestore */ = {
			isa = XCSwiftPackageProductDependency;
			package = E23F8F7C2A2C494E00274581 /* XCRemoteSwiftPackageReference "firebase-ios-sdk" */;
			productName = FirebaseFirestore;
		};
		E23F8F852A2C494E00274581 /* FirebaseFirestoreSwift */ = {
			isa = XCSwiftPackageProductDependency;
			package = E23F8F7C2A2C494E00274581 /* XCRemoteSwiftPackageReference "firebase-ios-sdk" */;
			productName = FirebaseFirestoreSwift;
		};
		E23F8F8D2A2D302300274581 /* Factory */ = {
			isa = XCSwiftPackageProductDependency;
			package = E23F8F8C2A2D302300274581 /* XCRemoteSwiftPackageReference "Factory" */;
			productName = Factory;
		};
/* End XCSwiftPackageProductDependency section */
	};
	rootObject = E27C8C7C2A2BF47900B0DA98 /* Project object */;
}
